{
  "version": 4,
  "terraform_version": "1.11.3",
  "serial": 3,
  "lineage": "f0291ce8-6206-2714-5be6-78d356f442c5",
  "outputs": {},
  "resources": [
    {
      "mode": "managed",
      "type": "azurerm_resource_group",
      "name": "rg",
      "provider": "provider[\"registry.terraform.io/hashicorp/azurerm\"]",
      "instances": [
        {
          "schema_version": 0,
          "attributes": {
            "id": "/subscriptions/a0f83009-96b4-4229-b3d4-8eb8568e0d94/resourceGroups/Cloud_Programming_DLBSEPCP01_D",
            "location": "westeurope",
            "managed_by": "",
            "name": "Cloud_Programming_DLBSEPCP01_D",
            "tags": null,
            "timeouts": null
          },
          "sensitive_attributes": [],
          "private": "eyJlMmJmYjczMC1lY2FhLTExZTYtOGY4OC0zNDM2M2JjN2M0YzAiOnsiY3JlYXRlIjo1NDAwMDAwMDAwMDAwLCJkZWxldGUiOjU0MDAwMDAwMDAwMDAsInJlYWQiOjMwMDAwMDAwMDAwMCwidXBkYXRlIjo1NDAwMDAwMDAwMDAwfX0="
        }
      ]
    },
    {
      "mode": "managed",
      "type": "azurerm_static_site",
      "name": "static",
      "provider": "provider[\"registry.terraform.io/hashicorp/azurerm\"]",
      "instances": [
        {
          "schema_version": 0,
          "attributes": {
            "api_key": "cab1ae4cb1dfd627fdda71c129ce163396ea6c60c643f88346f8e834bcf9c82d06-b78c7443-ac77-401c-bed6-b25ac7f9a5370032422017bd8f03",
            "app_settings": null,
            "default_host_name": "nice-river-017bd8f03.6.azurestaticapps.net",
            "id": "/subscriptions/a0f83009-96b4-4229-b3d4-8eb8568e0d94/resourceGroups/Cloud_Programming_DLBSEPCP01_D/providers/Microsoft.Web/staticSites/Aufgabenstellung1",
            "identity": [],
            "location": "westeurope",
            "name": "Aufgabenstellung1",
            "resource_group_name": "Cloud_Programming_DLBSEPCP01_D",
            "sku_size": "Free",
            "sku_tier": "Free",
            "tags": null,
            "timeouts": null
          },
          "sensitive_attributes": [
            [
              {
                "type": "get_attr",
                "value": "api_key"
              }
            ]
          ],
          "private": "eyJlMmJmYjczMC1lY2FhLTExZTYtOGY4OC0zNDM2M2JjN2M0YzAiOnsiY3JlYXRlIjoxODAwMDAwMDAwMDAwLCJkZWxldGUiOjE4MDAwMDAwMDAwMDAsInJlYWQiOjMwMDAwMDAwMDAwMCwidXBkYXRlIjoxODAwMDAwMDAwMDAwfX0=",
          "dependencies": [
            "azurerm_resource_group.rg"
          ]
        }
      ]
    }
  ],
  "check_results": null
}
